
Microsoft Visual Studio Solution File, Format Version 12.00
# Visual Studio 2013
VisualStudioVersion = 12.0.21005.1
MinimumVisualStudioVersion = 10.0.40219.1
Project("{FAE04EC0-301F-11D3-BF4B-00C04F79EFBC}") = "b10402077-b10402020-homework2", "b10402077-b10402020-homework2\b10402077-b10402020-homework2.csproj", "{B0F1E9EF-14B8-4380-83CC-7CC97CBB49FF}"
EndProject
Global
	GlobalSection(SolutionConfigurationPlatforms) = preSolution
		Debug|Any CPU = Debug|Any CPU
		Release|Any CPU = Release|Any CPU
	EndGlobalSection
	GlobalSection(ProjectConfigurationPlatforms) = postSolution
		{B0F1E9EF-14B8-4380-83CC-7CC97CBB49FF}.Debug|Any CPU.ActiveCfg = Debug|Any CPU
		{B0F1E9EF-14B8-4380-83CC-7CC97CBB49FF}.Debug|Any CPU.Build.0 = Debug|Any CPU
		{B0F1E9EF-14B8-4380-83CC-7CC97CBB49FF}.Release|Any CPU.ActiveCfg = Release|Any CPU
		{B0F1E9EF-14B8-4380-83CC-7CC97CBB49FF}.Release|Any CPU.Build.0 = Release|Any CPU
	EndGlobalSection
	GlobalSection(SolutionProperties) = preSolution
		HideSolutionNode = FALSE
	EndGlobalSection
EndGlobal
